
Microsoft Visual Studio Solution File, Format Version 12.00
# Visual Studio Version 17
VisualStudioVersion = 17.3.32929.385
MinimumVisualStudioVersion = 10.0.40219.1
Project("{FAE04EC0-301F-11D3-BF4B-00C04F79EFBC}") = "AdminEmpl.Web", "AdminEmpl.Web\AdminEmpl.Web.csproj", "{84A5AF44-E86D-4774-B48F-7F40C4191ECD}"
EndProject
Project("{FAE04EC0-301F-11D3-BF4B-00C04F79EFBC}") = "AdminEmpl.Modelos", "AdminEmpl.Modelos\AdminEmpl.Modelos.csproj", "{E00CC729-5172-4C91-BB30-0481E43A537C}"
EndProject
Project("{FAE04EC0-301F-11D3-BF4B-00C04F79EFBC}") = "AdminEmpl.Servicios", "AdminEmpl.Servicios\AdminEmpl.Servicios.csproj", "{ED810FD6-A6B4-4E11-B3E9-E1FCF7B73836}"
EndProject
Global
	GlobalSection(SolutionConfigurationPlatforms) = preSolution
		Debug|Any CPU = Debug|Any CPU
		Release|Any CPU = Release|Any CPU
	EndGlobalSection
	GlobalSection(ProjectConfigurationPlatforms) = postSolution
		{84A5AF44-E86D-4774-B48F-7F40C4191ECD}.Debug|Any CPU.ActiveCfg = Debug|Any CPU
		{84A5AF44-E86D-4774-B48F-7F40C4191ECD}.Debug|Any CPU.Build.0 = Debug|Any CPU
		{84A5AF44-E86D-4774-B48F-7F40C4191ECD}.Release|Any CPU.ActiveCfg = Release|Any CPU
		{84A5AF44-E86D-4774-B48F-7F40C4191ECD}.Release|Any CPU.Build.0 = Release|Any CPU
		{E00CC729-5172-4C91-BB30-0481E43A537C}.Debug|Any CPU.ActiveCfg = Debug|Any CPU
		{E00CC729-5172-4C91-BB30-0481E43A537C}.Debug|Any CPU.Build.0 = Debug|Any CPU
		{E00CC729-5172-4C91-BB30-0481E43A537C}.Release|Any CPU.ActiveCfg = Release|Any CPU
		{E00CC729-5172-4C91-BB30-0481E43A537C}.Release|Any CPU.Build.0 = Release|Any CPU
		{ED810FD6-A6B4-4E11-B3E9-E1FCF7B73836}.Debug|Any CPU.ActiveCfg = Debug|Any CPU
		{ED810FD6-A6B4-4E11-B3E9-E1FCF7B73836}.Debug|Any CPU.Build.0 = Debug|Any CPU
		{ED810FD6-A6B4-4E11-B3E9-E1FCF7B73836}.Release|Any CPU.ActiveCfg = Release|Any CPU
		{ED810FD6-A6B4-4E11-B3E9-E1FCF7B73836}.Release|Any CPU.Build.0 = Release|Any CPU
	EndGlobalSection
	GlobalSection(SolutionProperties) = preSolution
		HideSolutionNode = FALSE
	EndGlobalSection
	GlobalSection(ExtensibilityGlobals) = postSolution
		SolutionGuid = {76DA0AA6-3065-435E-8C67-60E03367E8DB}
	EndGlobalSection
EndGlobal
